
Microsoft Visual Studio Solution File, Format Version 12.00
Project("{FAE04EC0-301F-11D3-BF4B-00C04F79EFBC}") = "Oefentoets1MVC", "Oefentoets1MVC\Oefentoets1MVC.csproj", "{97FC257F-6C60-4EB3-80DE-F3EAE4CFB971}"
EndProject
Project("{FAE04EC0-301F-11D3-BF4B-00C04F79EFBC}") = "StudentType", "StudentType\StudentType.csproj", "{A0640718-A330-4D49-8D65-11BDFA62C5FB}"
EndProject
Global
	GlobalSection(SolutionConfigurationPlatforms) = preSolution
		Debug|Any CPU = Debug|Any CPU
		Release|Any CPU = Release|Any CPU
	EndGlobalSection
	GlobalSection(ProjectConfigurationPlatforms) = postSolution
		{97FC257F-6C60-4EB3-80DE-F3EAE4CFB971}.Debug|Any CPU.ActiveCfg = Debug|Any CPU
		{97FC257F-6C60-4EB3-80DE-F3EAE4CFB971}.Debug|Any CPU.Build.0 = Debug|Any CPU
		{97FC257F-6C60-4EB3-80DE-F3EAE4CFB971}.Release|Any CPU.ActiveCfg = Release|Any CPU
		{97FC257F-6C60-4EB3-80DE-F3EAE4CFB971}.Release|Any CPU.Build.0 = Release|Any CPU
		{A0640718-A330-4D49-8D65-11BDFA62C5FB}.Debug|Any CPU.ActiveCfg = Debug|Any CPU
		{A0640718-A330-4D49-8D65-11BDFA62C5FB}.Debug|Any CPU.Build.0 = Debug|Any CPU
		{A0640718-A330-4D49-8D65-11BDFA62C5FB}.Release|Any CPU.ActiveCfg = Release|Any CPU
		{A0640718-A330-4D49-8D65-11BDFA62C5FB}.Release|Any CPU.Build.0 = Release|Any CPU
	EndGlobalSection
EndGlobal
